
Microsoft Visual Studio Solution File, Format Version 12.00
# Visual Studio Version 16
VisualStudioVersion = 16.0.29728.190
MinimumVisualStudioVersion = 10.0.40219.1
Project("{8BC9CEB8-8B4A-11D0-8D11-00A0C91BC942}") = "Example1", "Example1\Example1.vcxproj", "{48E71C80-85A0-4A2F-BE06-75F4AD9A9469}"
EndProject
Project("{8BC9CEB8-8B4A-11D0-8D11-00A0C91BC942}") = "SpotDifference", "SpotDifference\SpotDifference.vcxproj", "{E9B2257B-6B28-474A-B2A7-BA9BAC0E319E}"
EndProject
Project("{8BC9CEB8-8B4A-11D0-8D11-00A0C91BC942}") = "SantaRace", "SantaRace\SantaRace.vcxproj", "{ADFEC01F-EA27-40B3-8401-570B7D05CE38}"
EndProject
Project("{54435603-DBB4-11D2-8724-00A0C9A8B90C}") = "SantaRace_Installer", "SantaRace_Installer\SantaRace_Installer.vdproj", "{EF3C6166-547D-4C16-92C5-67BFA360F8ED}"
EndProject
Project("{8BC9CEB8-8B4A-11D0-8D11-00A0C91BC942}") = "Example2", "Example2\Example2.vcxproj", "{4F91C8C0-032D-4EDB-B144-8D47B255F85B}"
EndProject
Global
	GlobalSection(SolutionConfigurationPlatforms) = preSolution
		Debug|x64 = Debug|x64
		Debug|x86 = Debug|x86
		Release|x64 = Release|x64
		Release|x86 = Release|x86
	EndGlobalSection
	GlobalSection(ProjectConfigurationPlatforms) = postSolution
		{48E71C80-85A0-4A2F-BE06-75F4AD9A9469}.Debug|x64.ActiveCfg = Debug|x64
		{48E71C80-85A0-4A2F-BE06-75F4AD9A9469}.Debug|x64.Build.0 = Debug|x64
		{48E71C80-85A0-4A2F-BE06-75F4AD9A9469}.Debug|x86.ActiveCfg = Debug|Win32
		{48E71C80-85A0-4A2F-BE06-75F4AD9A9469}.Debug|x86.Build.0 = Debug|Win32
		{48E71C80-85A0-4A2F-BE06-75F4AD9A9469}.Release|x64.ActiveCfg = Release|x64
		{48E71C80-85A0-4A2F-BE06-75F4AD9A9469}.Release|x64.Build.0 = Release|x64
		{48E71C80-85A0-4A2F-BE06-75F4AD9A9469}.Release|x86.ActiveCfg = Release|Win32
		{48E71C80-85A0-4A2F-BE06-75F4AD9A9469}.Release|x86.Build.0 = Release|Win32
		{E9B2257B-6B28-474A-B2A7-BA9BAC0E319E}.Debug|x64.ActiveCfg = Debug|x64
		{E9B2257B-6B28-474A-B2A7-BA9BAC0E319E}.Debug|x64.Build.0 = Debug|x64
		{E9B2257B-6B28-474A-B2A7-BA9BAC0E319E}.Debug|x86.ActiveCfg = Debug|Win32
		{E9B2257B-6B28-474A-B2A7-BA9BAC0E319E}.Debug|x86.Build.0 = Debug|Win32
		{E9B2257B-6B28-474A-B2A7-BA9BAC0E319E}.Release|x64.ActiveCfg = Release|x64
		{E9B2257B-6B28-474A-B2A7-BA9BAC0E319E}.Release|x64.Build.0 = Release|x64
		{E9B2257B-6B28-474A-B2A7-BA9BAC0E319E}.Release|x86.ActiveCfg = Release|Win32
		{E9B2257B-6B28-474A-B2A7-BA9BAC0E319E}.Release|x86.Build.0 = Release|Win32
		{ADFEC01F-EA27-40B3-8401-570B7D05CE38}.Debug|x64.ActiveCfg = Debug|x64
		{ADFEC01F-EA27-40B3-8401-570B7D05CE38}.Debug|x64.Build.0 = Debug|x64
		{ADFEC01F-EA27-40B3-8401-570B7D05CE38}.Debug|x86.ActiveCfg = Debug|Win32
		{ADFEC01F-EA27-40B3-8401-570B7D05CE38}.Debug|x86.Build.0 = Debug|Win32
		{ADFEC01F-EA27-40B3-8401-570B7D05CE38}.Release|x64.ActiveCfg = Release|x64
		{ADFEC01F-EA27-40B3-8401-570B7D05CE38}.Release|x64.Build.0 = Release|x64
		{ADFEC01F-EA27-40B3-8401-570B7D05CE38}.Release|x86.ActiveCfg = Release|Win32
		{ADFEC01F-EA27-40B3-8401-570B7D05CE38}.Release|x86.Build.0 = Release|Win32
		{EF3C6166-547D-4C16-92C5-67BFA360F8ED}.Debug|x64.ActiveCfg = Debug
		{EF3C6166-547D-4C16-92C5-67BFA360F8ED}.Debug|x86.ActiveCfg = Debug
		{EF3C6166-547D-4C16-92C5-67BFA360F8ED}.Release|x64.ActiveCfg = Release
		{EF3C6166-547D-4C16-92C5-67BFA360F8ED}.Release|x86.ActiveCfg = Release
		{4F91C8C0-032D-4EDB-B144-8D47B255F85B}.Debug|x64.ActiveCfg = Debug|x64
		{4F91C8C0-032D-4EDB-B144-8D47B255F85B}.Debug|x64.Build.0 = Debug|x64
		{4F91C8C0-032D-4EDB-B144-8D47B255F85B}.Debug|x86.ActiveCfg = Debug|Win32
		{4F91C8C0-032D-4EDB-B144-8D47B255F85B}.Debug|x86.Build.0 = Debug|Win32
		{4F91C8C0-032D-4EDB-B144-8D47B255F85B}.Release|x64.ActiveCfg = Release|x64
		{4F91C8C0-032D-4EDB-B144-8D47B255F85B}.Release|x64.Build.0 = Release|x64
		{4F91C8C0-032D-4EDB-B144-8D47B255F85B}.Release|x86.ActiveCfg = Release|Win32
		{4F91C8C0-032D-4EDB-B144-8D47B255F85B}.Release|x86.Build.0 = Release|Win32
	EndGlobalSection
	GlobalSection(SolutionProperties) = preSolution
		HideSolutionNode = FALSE
	EndGlobalSection
	GlobalSection(ExtensibilityGlobals) = postSolution
		SolutionGuid = {DBE9AAA1-50D9-45FF-AFD6-707BC2F953A6}
	EndGlobalSection
EndGlobal
